// !$*UTF8*$!
{
	archiveVersion = 1;
	classes = {
	};
	objectVersion = 50;
	objects = {

/* Begin PBXBuildFile section */
		B731F01C223941F900A25BDE /* UIVIew+Extension.swift in Sources */ = {isa = PBXBuildFile; fileRef = B731F01B223941F900A25BDE /* UIVIew+Extension.swift */; };
		B731F01E223942BB00A25BDE /* CreateImageViewController.swift in Sources */ = {isa = PBXBuildFile; fileRef = B731F01D223942BB00A25BDE /* CreateImageViewController.swift */; };
		B731F020223948F400A25BDE /* PKHUD.framework in Frameworks */ = {isa = PBXBuildFile; fileRef = B731F01F223948F400A25BDE /* PKHUD.framework */; };
		B731F02222394A9F00A25BDE /* Reusable.swift in Sources */ = {isa = PBXBuildFile; fileRef = B731F02122394A9F00A25BDE /* Reusable.swift */; };
		B731F02422394ABA00A25BDE /* UITableView+Extension.swift in Sources */ = {isa = PBXBuildFile; fileRef = B731F02322394ABA00A25BDE /* UITableView+Extension.swift */; };
		B731F02722394B9400A25BDE /* TimelineTableViewCell.swift in Sources */ = {isa = PBXBuildFile; fileRef = B731F02522394B9400A25BDE /* TimelineTableViewCell.swift */; };
		B731F02822394B9400A25BDE /* TimelineTableViewCell.xib in Resources */ = {isa = PBXBuildFile; fileRef = B731F02622394B9400A25BDE /* TimelineTableViewCell.xib */; };
		B731F02A22394FA400A25BDE /* UIImageVIew+Extension.swift in Sources */ = {isa = PBXBuildFile; fileRef = B731F02922394FA400A25BDE /* UIImageVIew+Extension.swift */; };
		B731F0A7223D60B600A25BDE /* PostModel.swift in Sources */ = {isa = PBXBuildFile; fileRef = B731F0A6223D60B600A25BDE /* PostModel.swift */; };
		B76595C922381674006407EC /* AppDelegate.swift in Sources */ = {isa = PBXBuildFile; fileRef = B76595C822381674006407EC /* AppDelegate.swift */; };
		B76595CB22381674006407EC /* ViewController.swift in Sources */ = {isa = PBXBuildFile; fileRef = B76595CA22381674006407EC /* ViewController.swift */; };
		B76595CE22381674006407EC /* Main.storyboard in Resources */ = {isa = PBXBuildFile; fileRef = B76595CC22381674006407EC /* Main.storyboard */; };
		B76595D022381676006407EC /* Assets.xcassets in Resources */ = {isa = PBXBuildFile; fileRef = B76595CF22381676006407EC /* Assets.xcassets */; };
		B76595D322381676006407EC /* LaunchScreen.storyboard in Resources */ = {isa = PBXBuildFile; fileRef = B76595D122381676006407EC /* LaunchScreen.storyboard */; };
		B76595E422381975006407EC /* FontAwesome.framework in Frameworks */ = {isa = PBXBuildFile; fileRef = B76595DC22381975006407EC /* FontAwesome.framework */; };
		B76595E522381975006407EC /* RxCocoa.framework in Frameworks */ = {isa = PBXBuildFile; fileRef = B76595DD22381975006407EC /* RxCocoa.framework */; };
		B76595E622381975006407EC /* Nuke.framework in Frameworks */ = {isa = PBXBuildFile; fileRef = B76595DE22381975006407EC /* Nuke.framework */; };
		B76595E722381975006407EC /* Device.framework in Frameworks */ = {isa = PBXBuildFile; fileRef = B76595DF22381975006407EC /* Device.framework */; };
		B76595E822381975006407EC /* RxSwift.framework in Frameworks */ = {isa = PBXBuildFile; fileRef = B76595E022381975006407EC /* RxSwift.framework */; };
		B76595E922381975006407EC /* SnapKit.framework in Frameworks */ = {isa = PBXBuildFile; fileRef = B76595E122381975006407EC /* SnapKit.framework */; };
		B76595EA22381975006407EC /* SwiftyUserDefaults.framework in Frameworks */ = {isa = PBXBuildFile; fileRef = B76595E222381975006407EC /* SwiftyUserDefaults.framework */; };
		B76595EB22381975006407EC /* Alamofire.framework in Frameworks */ = {isa = PBXBuildFile; fileRef = B76595E322381975006407EC /* Alamofire.framework */; };
/* End PBXBuildFile section */

/* Begin PBXFileReference section */
		B731F01B223941F900A25BDE /* UIVIew+Extension.swift */ = {isa = PBXFileReference; lastKnownFileType = sourcecode.swift; path = "UIVIew+Extension.swift"; sourceTree = "<group>"; };
		B731F01D223942BB00A25BDE /* CreateImageViewController.swift */ = {isa = PBXFileReference; lastKnownFileType = sourcecode.swift; path = CreateImageViewController.swift; sourceTree = "<group>"; };
		B731F01F223948F400A25BDE /* PKHUD.framework */ = {isa = PBXFileReference; lastKnownFileType = wrapper.framework; name = PKHUD.framework; path = Carthage/Build/iOS/PKHUD.framework; sourceTree = "<group>"; };
		B731F02122394A9F00A25BDE /* Reusable.swift */ = {isa = PBXFileReference; lastKnownFileType = sourcecode.swift; path = Reusable.swift; sourceTree = "<group>"; };
		B731F02322394ABA00A25BDE /* UITableView+Extension.swift */ = {isa = PBXFileReference; lastKnownFileType = sourcecode.swift; path = "UITableView+Extension.swift"; sourceTree = "<group>"; };
		B731F02522394B9400A25BDE /* TimelineTableViewCell.swift */ = {isa = PBXFileReference; lastKnownFileType = sourcecode.swift; path = TimelineTableViewCell.swift; sourceTree = "<group>"; };
		B731F02622394B9400A25BDE /* TimelineTableViewCell.xib */ = {isa = PBXFileReference; lastKnownFileType = file.xib; path = TimelineTableViewCell.xib; sourceTree = "<group>"; };
		B731F02922394FA400A25BDE /* UIImageVIew+Extension.swift */ = {isa = PBXFileReference; lastKnownFileType = sourcecode.swift; path = "UIImageVIew+Extension.swift"; sourceTree = "<group>"; };
		B731F0A6223D60B600A25BDE /* PostModel.swift */ = {isa = PBXFileReference; lastKnownFileType = sourcecode.swift; path = PostModel.swift; sourceTree = "<group>"; };
		B76595C522381674006407EC /* emo-gyazo.app */ = {isa = PBXFileReference; explicitFileType = wrapper.application; includeInIndex = 0; path = "emo-gyazo.app"; sourceTree = BUILT_PRODUCTS_DIR; };
		B76595C822381674006407EC /* AppDelegate.swift */ = {isa = PBXFileReference; lastKnownFileType = sourcecode.swift; path = AppDelegate.swift; sourceTree = "<group>"; };
		B76595CA22381674006407EC /* ViewController.swift */ = {isa = PBXFileReference; lastKnownFileType = sourcecode.swift; path = ViewController.swift; sourceTree = "<group>"; };
		B76595CD22381674006407EC /* Base */ = {isa = PBXFileReference; lastKnownFileType = file.storyboard; name = Base; path = Base.lproj/Main.storyboard; sourceTree = "<group>"; };
		B76595CF22381676006407EC /* Assets.xcassets */ = {isa = PBXFileReference; lastKnownFileType = folder.assetcatalog; path = Assets.xcassets; sourceTree = "<group>"; };
		B76595D222381676006407EC /* Base */ = {isa = PBXFileReference; lastKnownFileType = file.storyboard; name = Base; path = Base.lproj/LaunchScreen.storyboard; sourceTree = "<group>"; };
		B76595D422381676006407EC /* Info.plist */ = {isa = PBXFileReference; lastKnownFileType = text.plist.xml; path = Info.plist; sourceTree = "<group>"; };
		B76595DC22381975006407EC /* FontAwesome.framework */ = {isa = PBXFileReference; lastKnownFileType = wrapper.framework; name = FontAwesome.framework; path = Carthage/Build/iOS/FontAwesome.framework; sourceTree = "<group>"; };
		B76595DD22381975006407EC /* RxCocoa.framework */ = {isa = PBXFileReference; lastKnownFileType = wrapper.framework; name = RxCocoa.framework; path = Carthage/Build/iOS/RxCocoa.framework; sourceTree = "<group>"; };
		B76595DE22381975006407EC /* Nuke.framework */ = {isa = PBXFileReference; lastKnownFileType = wrapper.framework; name = Nuke.framework; path = Carthage/Build/iOS/Nuke.framework; sourceTree = "<group>"; };
		B76595DF22381975006407EC /* Device.framework */ = {isa = PBXFileReference; lastKnownFileType = wrapper.framework; name = Device.framework; path = Carthage/Build/iOS/Device.framework; sourceTree = "<group>"; };
		B76595E022381975006407EC /* RxSwift.framework */ = {isa = PBXFileReference; lastKnownFileType = wrapper.framework; name = RxSwift.framework; path = Carthage/Build/iOS/RxSwift.framework; sourceTree = "<group>"; };
		B76595E122381975006407EC /* SnapKit.framework */ = {isa = PBXFileReference; lastKnownFileType = wrapper.framework; name = SnapKit.framework; path = Carthage/Build/iOS/SnapKit.framework; sourceTree = "<group>"; };
		B76595E222381975006407EC /* SwiftyUserDefaults.framework */ = {isa = PBXFileReference; lastKnownFileType = wrapper.framework; name = SwiftyUserDefaults.framework; path = Carthage/Build/iOS/SwiftyUserDefaults.framework; sourceTree = "<group>"; };
		B76595E322381975006407EC /* Alamofire.framework */ = {isa = PBXFileReference; lastKnownFileType = wrapper.framework; name = Alamofire.framework; path = Carthage/Build/iOS/Alamofire.framework; sourceTree = "<group>"; };
/* End PBXFileReference section */

/* Begin PBXFrameworksBuildPhase section */
		B76595C222381674006407EC /* Frameworks */ = {
			isa = PBXFrameworksBuildPhase;
			buildActionMask = 2147483647;
			files = (
				B731F020223948F400A25BDE /* PKHUD.framework in Frameworks */,
				B76595E422381975006407EC /* FontAwesome.framework in Frameworks */,
				B76595E522381975006407EC /* RxCocoa.framework in Frameworks */,
				B76595E622381975006407EC /* Nuke.framework in Frameworks */,
				B76595E722381975006407EC /* Device.framework in Frameworks */,
				B76595E822381975006407EC /* RxSwift.framework in Frameworks */,
				B76595E922381975006407EC /* SnapKit.framework in Frameworks */,
				B76595EA22381975006407EC /* SwiftyUserDefaults.framework in Frameworks */,
				B76595EB22381975006407EC /* Alamofire.framework in Frameworks */,
			);
			runOnlyForDeploymentPostprocessing = 0;
		};
/* End PBXFrameworksBuildPhase section */

/* Begin PBXGroup section */
		B731F018223941E000A25BDE /* Storyboard */ = {
			isa = PBXGroup;
			children = (
				B76595CC22381674006407EC /* Main.storyboard */,
			);
			name = Storyboard;
			sourceTree = "<group>";
		};
		B731F019223941E900A25BDE /* View */ = {
			isa = PBXGroup;
			children = (
				B76595CA22381674006407EC /* ViewController.swift */,
				B731F01D223942BB00A25BDE /* CreateImageViewController.swift */,
				B731F02522394B9400A25BDE /* TimelineTableViewCell.swift */,
				B731F02622394B9400A25BDE /* TimelineTableViewCell.xib */,
			);
			path = View;
			sourceTree = "<group>";
		};
		B731F01A223941ED00A25BDE /* Exntesion */ = {
			isa = PBXGroup;
			children = (
				B731F01B223941F900A25BDE /* UIVIew+Extension.swift */,
				B731F02122394A9F00A25BDE /* Reusable.swift */,
				B731F02322394ABA00A25BDE /* UITableView+Extension.swift */,
				B731F02922394FA400A25BDE /* UIImageVIew+Extension.swift */,
			);
			name = Exntesion;
			sourceTree = "<group>";
		};
		B731F0A5223D60AD00A25BDE /* Model */ = {
			isa = PBXGroup;
			children = (
				B731F0A6223D60B600A25BDE /* PostModel.swift */,
			);
			path = Model;
			sourceTree = "<group>";
		};
		B76595BC22381674006407EC = {
			isa = PBXGroup;
			children = (
				B76595C722381674006407EC /* emo-gyazo */,
				B76595C622381674006407EC /* Products */,
				B76595DB22381974006407EC /* Frameworks */,
			);
			sourceTree = "<group>";
		};
		B76595C622381674006407EC /* Products */ = {
			isa = PBXGroup;
			children = (
				B76595C522381674006407EC /* emo-gyazo.app */,
			);
			name = Products;
			sourceTree = "<group>";
		};
		B76595C722381674006407EC /* emo-gyazo */ = {
			isa = PBXGroup;
			children = (
				B731F0A5223D60AD00A25BDE /* Model */,
				B731F01A223941ED00A25BDE /* Exntesion */,
				B731F019223941E900A25BDE /* View */,
				B731F018223941E000A25BDE /* Storyboard */,
				B76595C822381674006407EC /* AppDelegate.swift */,
				B76595CF22381676006407EC /* Assets.xcassets */,
				B76595D122381676006407EC /* LaunchScreen.storyboard */,
				B76595D422381676006407EC /* Info.plist */,
			);
			path = "emo-gyazo";
			sourceTree = "<group>";
		};
		B76595DB22381974006407EC /* Frameworks */ = {
			isa = PBXGroup;
			children = (
				B731F01F223948F400A25BDE /* PKHUD.framework */,
				B76595E322381975006407EC /* Alamofire.framework */,
				B76595DF22381975006407EC /* Device.framework */,
				B76595DC22381975006407EC /* FontAwesome.framework */,
				B76595DE22381975006407EC /* Nuke.framework */,
				B76595DD22381975006407EC /* RxCocoa.framework */,
				B76595E022381975006407EC /* RxSwift.framework */,
				B76595E122381975006407EC /* SnapKit.framework */,
				B76595E222381975006407EC /* SwiftyUserDefaults.framework */,
			);
			name = Frameworks;
			sourceTree = "<group>";
		};
/* End PBXGroup section */

/* Begin PBXNativeTarget section */
		B76595C422381674006407EC /* emo-gyazo */ = {
			isa = PBXNativeTarget;
			buildConfigurationList = B76595D722381676006407EC /* Build configuration list for PBXNativeTarget "emo-gyazo" */;
			buildPhases = (
				B76595C122381674006407EC /* Sources */,
				B76595C222381674006407EC /* Frameworks */,
				B76595C322381674006407EC /* Resources */,
				B76595DA223818EE006407EC /* Carthage */,
			);
			buildRules = (
			);
			dependencies = (
			);
			name = "emo-gyazo";
			productName = "emo-gyazo";
			productReference = B76595C522381674006407EC /* emo-gyazo.app */;
			productType = "com.apple.product-type.application";
		};
/* End PBXNativeTarget section */

/* Begin PBXProject section */
		B76595BD22381674006407EC /* Project object */ = {
			isa = PBXProject;
			attributes = {
				LastSwiftUpdateCheck = 1010;
				LastUpgradeCheck = 1010;
				ORGANIZATIONNAME = tomoki;
				TargetAttributes = {
					B76595C422381674006407EC = {
						CreatedOnToolsVersion = 10.1;
					};
				};
			};
			buildConfigurationList = B76595C022381674006407EC /* Build configuration list for PBXProject "emo-gyazo" */;
			compatibilityVersion = "Xcode 9.3";
			developmentRegion = en;
			hasScannedForEncodings = 0;
			knownRegions = (
				en,
				Base,
			);
			mainGroup = B76595BC22381674006407EC;
			productRefGroup = B76595C622381674006407EC /* Products */;
			projectDirPath = "";
			projectRoot = "";
			targets = (
				B76595C422381674006407EC /* emo-gyazo */,
			);
		};
/* End PBXProject section */

/* Begin PBXResourcesBuildPhase section */
		B76595C322381674006407EC /* Resources */ = {
			isa = PBXResourcesBuildPhase;
			buildActionMask = 2147483647;
			files = (
				B731F02822394B9400A25BDE /* TimelineTableViewCell.xib in Resources */,
				B76595D322381676006407EC /* LaunchScreen.storyboard in Resources */,
				B76595D022381676006407EC /* Assets.xcassets in Resources */,
				B76595CE22381674006407EC /* Main.storyboard in Resources */,
			);
			runOnlyForDeploymentPostprocessing = 0;
		};
/* End PBXResourcesBuildPhase section */

/* Begin PBXShellScriptBuildPhase section */
		B76595DA223818EE006407EC /* Carthage */ = {
			isa = PBXShellScriptBuildPhase;
			buildActionMask = 2147483647;
			files = (
			);
			inputFileListPaths = (
			);
			inputPaths = (
				"$(SRCROOT)/Carthage/Build/iOS/Alamofire.framework",
				"$(SRCROOT)/Carthage/Build/iOS/RxSwift.framework",
				"$(SRCROOT)/Carthage/Build/iOS/RxCocoa.framework",
				"$(SRCROOT)/Carthage/Build/iOS/SnapKit.framework",
				"$(SRCROOT)/Carthage/Build/iOS/Device.framework",
				"$(SRCROOT)/Carthage/Build/iOS/FontAwesome.framework",
				"$(SRCROOT)/Carthage/Build/iOS/Nuke.framework",
				"$(SRCROOT)/Carthage/Build/iOS/SwiftyUserDefaults.framework",
				"$(SRCROOT)/Carthage/Build/iOS/PKHUD.framework",
			);
			name = Carthage;
			outputFileListPaths = (
			);
			outputPaths = (
			);
			runOnlyForDeploymentPostprocessing = 0;
			shellPath = /bin/sh;
			shellScript = "/usr/local/bin/carthage copy-frameworks\n";
		};
/* End PBXShellScriptBuildPhase section */

/* Begin PBXSourcesBuildPhase section */
		B76595C122381674006407EC /* Sources */ = {
			isa = PBXSourcesBuildPhase;
			buildActionMask = 2147483647;
			files = (
				B731F02722394B9400A25BDE /* TimelineTableViewCell.swift in Sources */,
				B731F0A7223D60B600A25BDE /* PostModel.swift in Sources */,
				B731F01E223942BB00A25BDE /* CreateImageViewController.swift in Sources */,
				B731F02A22394FA400A25BDE /* UIImageVIew+Extension.swift in Sources */,
				B76595CB22381674006407EC /* ViewController.swift in Sources */,
				B76595C922381674006407EC /* AppDelegate.swift in Sources */,
				B731F01C223941F900A25BDE /* UIVIew+Extension.swift in Sources */,
				B731F02222394A9F00A25BDE /* Reusable.swift in Sources */,
				B731F02422394ABA00A25BDE /* UITableView+Extension.swift in Sources */,
			);
			runOnlyForDeploymentPostprocessing = 0;
		};
/* End PBXSourcesBuildPhase section */

/* Begin PBXVariantGroup section */
		B76595CC22381674006407EC /* Main.storyboard */ = {
			isa = PBXVariantGroup;
			children = (
				B76595CD22381674006407EC /* Base */,
			);
			name = Main.storyboard;
			sourceTree = "<group>";
		};
		B76595D122381676006407EC /* LaunchScreen.storyboard */ = {
			isa = PBXVariantGroup;
			children = (
				B76595D222381676006407EC /* Base */,
			);
			name = LaunchScreen.storyboard;
			sourceTree = "<group>";
		};
/* End PBXVariantGroup section */

/* Begin XCBuildConfiguration section */
		B76595D522381676006407EC /* Debug */ = {
			isa = XCBuildConfiguration;
			buildSettings = {
				ALWAYS_SEARCH_USER_PATHS = NO;
				CLANG_ANALYZER_NONNULL = YES;
				CLANG_ANALYZER_NUMBER_OBJECT_CONVERSION = YES_AGGRESSIVE;
				CLANG_CXX_LANGUAGE_STANDARD = "gnu++14";
				CLANG_CXX_LIBRARY = "libc++";
				CLANG_ENABLE_MODULES = YES;
				CLANG_ENABLE_OBJC_ARC = YES;
				CLANG_ENABLE_OBJC_WEAK = YES;
				CLANG_WARN_BLOCK_CAPTURE_AUTORELEASING = YES;
				CLANG_WARN_BOOL_CONVERSION = YES;
				CLANG_WARN_COMMA = YES;
				CLANG_WARN_CONSTANT_CONVERSION = YES;
				CLANG_WARN_DEPRECATED_OBJC_IMPLEMENTATIONS = YES;
				CLANG_WARN_DIRECT_OBJC_ISA_USAGE = YES_ERROR;
				CLANG_WARN_DOCUMENTATION_COMMENTS = YES;
				CLANG_WARN_EMPTY_BODY = YES;
				CLANG_WARN_ENUM_CONVERSION = YES;
				CLANG_WARN_INFINITE_RECURSION = YES;
				CLANG_WARN_INT_CONVERSION = YES;
				CLANG_WARN_NON_LITERAL_NULL_CONVERSION = YES;
				CLANG_WARN_OBJC_IMPLICIT_RETAIN_SELF = YES;
				CLANG_WARN_OBJC_LITERAL_CONVERSION = YES;
				CLANG_WARN_OBJC_ROOT_CLASS = YES_ERROR;
				CLANG_WARN_RANGE_LOOP_ANALYSIS = YES;
				CLANG_WARN_STRICT_PROTOTYPES = YES;
				CLANG_WARN_SUSPICIOUS_MOVE = YES;
				CLANG_WARN_UNGUARDED_AVAILABILITY = YES_AGGRESSIVE;
				CLANG_WARN_UNREACHABLE_CODE = YES;
				CLANG_WARN__DUPLICATE_METHOD_MATCH = YES;
				CODE_SIGN_IDENTITY = "iPhone Developer";
				COPY_PHASE_STRIP = NO;
				DEBUG_INFORMATION_FORMAT = dwarf;
				ENABLE_STRICT_OBJC_MSGSEND = YES;
				ENABLE_TESTABILITY = YES;
				GCC_C_LANGUAGE_STANDARD = gnu11;
				GCC_DYNAMIC_NO_PIC = NO;
				GCC_NO_COMMON_BLOCKS = YES;
				GCC_OPTIMIZATION_LEVEL = 0;
				GCC_PREPROCESSOR_DEFINITIONS = (
					"DEBUG=1",
					"$(inherited)",
				);
				GCC_WARN_64_TO_32_BIT_CONVERSION = YES;
				GCC_WARN_ABOUT_RETURN_TYPE = YES_ERROR;
				GCC_WARN_UNDECLARED_SELECTOR = YES;
				GCC_WARN_UNINITIALIZED_AUTOS = YES_AGGRESSIVE;
				GCC_WARN_UNUSED_FUNCTION = YES;
				GCC_WARN_UNUSED_VARIABLE = YES;
				IPHONEOS_DEPLOYMENT_TARGET = 12.1;
				MTL_ENABLE_DEBUG_INFO = INCLUDE_SOURCE;
				MTL_FAST_MATH = YES;
				ONLY_ACTIVE_ARCH = YES;
				SDKROOT = iphoneos;
				SWIFT_ACTIVE_COMPILATION_CONDITIONS = DEBUG;
				SWIFT_OPTIMIZATION_LEVEL = "-Onone";
			};
			name = Debug;
		};
		B76595D622381676006407EC /* Release */ = {
			isa = XCBuildConfiguration;
			buildSettings = {
				ALWAYS_SEARCH_USER_PATHS = NO;
				CLANG_ANALYZER_NONNULL = YES;
				CLANG_ANALYZER_NUMBER_OBJECT_CONVERSION = YES_AGGRESSIVE;
				CLANG_CXX_LANGUAGE_STANDARD = "gnu++14";
				CLANG_CXX_LIBRARY = "libc++";
				CLANG_ENABLE_MODULES = YES;
				CLANG_ENABLE_OBJC_ARC = YES;
				CLANG_ENABLE_OBJC_WEAK = YES;
				CLANG_WARN_BLOCK_CAPTURE_AUTORELEASING = YES;
				CLANG_WARN_BOOL_CONVERSION = YES;
				CLANG_WARN_COMMA = YES;
				CLANG_WARN_CONSTANT_CONVERSION = YES;
				CLANG_WARN_DEPRECATED_OBJC_IMPLEMENTATIONS = YES;
				CLANG_WARN_DIRECT_OBJC_ISA_USAGE = YES_ERROR;
				CLANG_WARN_DOCUMENTATION_COMMENTS = YES;
				CLANG_WARN_EMPTY_BODY = YES;
				CLANG_WARN_ENUM_CONVERSION = YES;
				CLANG_WARN_INFINITE_RECURSION = YES;
				CLANG_WARN_INT_CONVERSION = YES;
				CLANG_WARN_NON_LITERAL_NULL_CONVERSION = YES;
				CLANG_WARN_OBJC_IMPLICIT_RETAIN_SELF = YES;
				CLANG_WARN_OBJC_LITERAL_CONVERSION = YES;
				CLANG_WARN_OBJC_ROOT_CLASS = YES_ERROR;
				CLANG_WARN_RANGE_LOOP_ANALYSIS = YES;
				CLANG_WARN_STRICT_PROTOTYPES = YES;
				CLANG_WARN_SUSPICIOUS_MOVE = YES;
				CLANG_WARN_UNGUARDED_AVAILABILITY = YES_AGGRESSIVE;
				CLANG_WARN_UNREACHABLE_CODE = YES;
				CLANG_WARN__DUPLICATE_METHOD_MATCH = YES;
				CODE_SIGN_IDENTITY = "iPhone Developer";
				COPY_PHASE_STRIP = NO;
				DEBUG_INFORMATION_FORMAT = "dwarf-with-dsym";
				ENABLE_NS_ASSERTIONS = NO;
				ENABLE_STRICT_OBJC_MSGSEND = YES;
				GCC_C_LANGUAGE_STANDARD = gnu11;
				GCC_NO_COMMON_BLOCKS = YES;
				GCC_WARN_64_TO_32_BIT_CONVERSION = YES;
				GCC_WARN_ABOUT_RETURN_TYPE = YES_ERROR;
				GCC_WARN_UNDECLARED_SELECTOR = YES;
				GCC_WARN_UNINITIALIZED_AUTOS = YES_AGGRESSIVE;
				GCC_WARN_UNUSED_FUNCTION = YES;
				GCC_WARN_UNUSED_VARIABLE = YES;
				IPHONEOS_DEPLOYMENT_TARGET = 12.1;
				MTL_ENABLE_DEBUG_INFO = NO;
				MTL_FAST_MATH = YES;
				SDKROOT = iphoneos;
				SWIFT_COMPILATION_MODE = wholemodule;
				SWIFT_OPTIMIZATION_LEVEL = "-O";
				VALIDATE_PRODUCT = YES;
			};
			name = Release;
		};
		B76595D822381676006407EC /* Debug */ = {
			isa = XCBuildConfiguration;
			buildSettings = {
				ASSETCATALOG_COMPILER_APPICON_NAME = AppIcon;
				CODE_SIGN_STYLE = Automatic;
				DEVELOPMENT_TEAM = FJMPLD4D4X;
				FRAMEWORK_SEARCH_PATHS = (
					"$(inherited)",
					"$(PROJECT_DIR)/Carthage/Build/iOS",
				);
				INFOPLIST_FILE = "emo-gyazo/Info.plist";
				LD_RUNPATH_SEARCH_PATHS = (
					"$(inherited)",
					"@executable_path/Frameworks",
				);
				PRODUCT_BUNDLE_IDENTIFIER = "com.tomoki.emo-gyazo";
				PRODUCT_NAME = "$(TARGET_NAME)";
				SWIFT_VERSION = 4.2;
				TARGETED_DEVICE_FAMILY = "1,2";
			};
			name = Debug;
		};
		B76595D922381676006407EC /* Release */ = {
			isa = XCBuildConfiguration;
			buildSettings = {
				ASSETCATALOG_COMPILER_APPICON_NAME = AppIcon;
				CODE_SIGN_STYLE = Automatic;
				DEVELOPMENT_TEAM = FJMPLD4D4X;
				FRAMEWORK_SEARCH_PATHS = (
					"$(inherited)",
					"$(PROJECT_DIR)/Carthage/Build/iOS",
				);
				INFOPLIST_FILE = "emo-gyazo/Info.plist";
				LD_RUNPATH_SEARCH_PATHS = (
					"$(inherited)",
					"@executable_path/Frameworks",
				);
				PRODUCT_BUNDLE_IDENTIFIER = "com.tomoki.emo-gyazo";
				PRODUCT_NAME = "$(TARGET_NAME)";
				SWIFT_VERSION = 4.2;
				TARGETED_DEVICE_FAMILY = "1,2";
			};
			name = Release;
		};
/* End XCBuildConfiguration section */

/* Begin XCConfigurationList section */
		B76595C022381674006407EC /* Build configuration list for PBXProject "emo-gyazo" */ = {
			isa = XCConfigurationList;
			buildConfigurations = (
				B76595D522381676006407EC /* Debug */,
				B76595D622381676006407EC /* Release */,
			);
			defaultConfigurationIsVisible = 0;
			defaultConfigurationName = Release;
		};
		B76595D722381676006407EC /* Build configuration list for PBXNativeTarget "emo-gyazo" */ = {
			isa = XCConfigurationList;
			buildConfigurations = (
				B76595D822381676006407EC /* Debug */,
				B76595D922381676006407EC /* Release */,
			);
			defaultConfigurationIsVisible = 0;
			defaultConfigurationName = Release;
		};
/* End XCConfigurationList section */
	};
	rootObject = B76595BD22381674006407EC /* Project object */;
}
